
Microsoft Visual Studio Solution File, Format Version 12.00
# Visual Studio Version 16
VisualStudioVersion = 16.0.32802.440
MinimumVisualStudioVersion = 10.0.40219.1
Project("{9A19103F-16F7-4668-BE54-9A1E7A4F7556}") = "WebCRMSkillProfi", "WebCRMSkillProfi.csproj", "{2345F60C-CC24-4B7B-BA1F-CFBFE4AF7645}"
EndProject
Global
	GlobalSection(SolutionConfigurationPlatforms) = preSolution
		Debug|Any CPU = Debug|Any CPU
		Release|Any CPU = Release|Any CPU
	EndGlobalSection
	GlobalSection(ProjectConfigurationPlatforms) = postSolution
		{2345F60C-CC24-4B7B-BA1F-CFBFE4AF7645}.Debug|Any CPU.ActiveCfg = Debug|Any CPU
		{2345F60C-CC24-4B7B-BA1F-CFBFE4AF7645}.Debug|Any CPU.Build.0 = Debug|Any CPU
		{2345F60C-CC24-4B7B-BA1F-CFBFE4AF7645}.Release|Any CPU.ActiveCfg = Release|Any CPU
		{2345F60C-CC24-4B7B-BA1F-CFBFE4AF7645}.Release|Any CPU.Build.0 = Release|Any CPU
	EndGlobalSection
	GlobalSection(SolutionProperties) = preSolution
		HideSolutionNode = FALSE
	EndGlobalSection
	GlobalSection(ExtensibilityGlobals) = postSolution
		SolutionGuid = {B2C783EE-7239-41EC-827A-4C7BADC8D3F5}
	EndGlobalSection
EndGlobal
